// !$*UTF8*$!
{
	archiveVersion = 1;
	classes = {
	};
	objectVersion = 56;
	objects = {

/* Begin PBXBuildFile section */
		3BE7CB96838462EBEF07182B /* libPods-Junction2023-FinlandSauna.a in Frameworks */ = {isa = PBXBuildFile; fileRef = 58F4472A69DBB819C3A5E106 /* libPods-Junction2023-FinlandSauna.a */; };
		3DA03B192A90D3D0004664FE /* TranslateManager.swift in Sources */ = {isa = PBXBuildFile; fileRef = 3DA03B182A90D3D0004664FE /* TranslateManager.swift */; };
		3DFB5B0C2A9091E600974903 /* Junction2023_FinlandSaunaApp.swift in Sources */ = {isa = PBXBuildFile; fileRef = 3DFB5B0B2A9091E600974903 /* Junction2023_FinlandSaunaApp.swift */; };
		3DFB5B102A9091E800974903 /* Assets.xcassets in Resources */ = {isa = PBXBuildFile; fileRef = 3DFB5B0F2A9091E800974903 /* Assets.xcassets */; };
		3DFB5B132A9091E800974903 /* Preview Assets.xcassets in Resources */ = {isa = PBXBuildFile; fileRef = 3DFB5B122A9091E800974903 /* Preview Assets.xcassets */; };
		3DFB5B1C2A90924600974903 /* Order.swift in Sources */ = {isa = PBXBuildFile; fileRef = 3DFB5B1B2A90924600974903 /* Order.swift */; };
		3DFB5B1F2A90926700974903 /* Ex+Color.swift in Sources */ = {isa = PBXBuildFile; fileRef = 3DFB5B1E2A90926700974903 /* Ex+Color.swift */; };
		3DFB5B212A9092E600974903 /* OrderListView.swift in Sources */ = {isa = PBXBuildFile; fileRef = 3DFB5B202A9092E600974903 /* OrderListView.swift */; };
		3DFB5B232A90937600974903 /* OrderRowView.swift in Sources */ = {isa = PBXBuildFile; fileRef = 3DFB5B222A90937600974903 /* OrderRowView.swift */; };
		3DFB5B252A90986B00974903 /* OrderDetailView.swift in Sources */ = {isa = PBXBuildFile; fileRef = 3DFB5B242A90986B00974903 /* OrderDetailView.swift */; };
		3DFB5B272A90993000974903 /* StorageItem.swift in Sources */ = {isa = PBXBuildFile; fileRef = 3DFB5B262A90993000974903 /* StorageItem.swift */; };
		3DFB5B292A9099F900974903 /* StorageItemRowView.swift in Sources */ = {isa = PBXBuildFile; fileRef = 3DFB5B282A9099F900974903 /* StorageItemRowView.swift */; };
		3DFB5B2F2A90C6E100974903 /* ProcessViewModel.swift in Sources */ = {isa = PBXBuildFile; fileRef = 3DFB5B2E2A90C6E100974903 /* ProcessViewModel.swift */; };
		6CE79B6C2A90A01A009A3DCC /* PersonalSettingView.swift in Sources */ = {isa = PBXBuildFile; fileRef = 6CE79B6B2A90A01A009A3DCC /* PersonalSettingView.swift */; };
		6CE79B722A90FB5C009A3DCC /* ProcessingView.swift in Sources */ = {isa = PBXBuildFile; fileRef = 6CE79B712A90FB5C009A3DCC /* ProcessingView.swift */; };
		6CE79B742A90FB74009A3DCC /* ProcessView.swift in Sources */ = {isa = PBXBuildFile; fileRef = 6CE79B732A90FB74009A3DCC /* ProcessView.swift */; };
/* End PBXBuildFile section */

/* Begin PBXFileReference section */
		3DA03B182A90D3D0004664FE /* TranslateManager.swift */ = {isa = PBXFileReference; lastKnownFileType = sourcecode.swift; path = TranslateManager.swift; sourceTree = "<group>"; };
		3DFB5B082A9091E600974903 /* Junction2023-FinlandSauna.app */ = {isa = PBXFileReference; explicitFileType = wrapper.application; includeInIndex = 0; path = "Junction2023-FinlandSauna.app"; sourceTree = BUILT_PRODUCTS_DIR; };
		3DFB5B0B2A9091E600974903 /* Junction2023_FinlandSaunaApp.swift */ = {isa = PBXFileReference; lastKnownFileType = sourcecode.swift; path = Junction2023_FinlandSaunaApp.swift; sourceTree = "<group>"; };
		3DFB5B0F2A9091E800974903 /* Assets.xcassets */ = {isa = PBXFileReference; lastKnownFileType = folder.assetcatalog; path = Assets.xcassets; sourceTree = "<group>"; };
		3DFB5B122A9091E800974903 /* Preview Assets.xcassets */ = {isa = PBXFileReference; lastKnownFileType = folder.assetcatalog; path = "Preview Assets.xcassets"; sourceTree = "<group>"; };
		3DFB5B1B2A90924600974903 /* Order.swift */ = {isa = PBXFileReference; lastKnownFileType = sourcecode.swift; path = Order.swift; sourceTree = "<group>"; };
		3DFB5B1E2A90926700974903 /* Ex+Color.swift */ = {isa = PBXFileReference; lastKnownFileType = sourcecode.swift; path = "Ex+Color.swift"; sourceTree = "<group>"; };
		3DFB5B202A9092E600974903 /* OrderListView.swift */ = {isa = PBXFileReference; lastKnownFileType = sourcecode.swift; path = OrderListView.swift; sourceTree = "<group>"; };
		3DFB5B222A90937600974903 /* OrderRowView.swift */ = {isa = PBXFileReference; lastKnownFileType = sourcecode.swift; path = OrderRowView.swift; sourceTree = "<group>"; };
		3DFB5B242A90986B00974903 /* OrderDetailView.swift */ = {isa = PBXFileReference; lastKnownFileType = sourcecode.swift; path = OrderDetailView.swift; sourceTree = "<group>"; };
		3DFB5B262A90993000974903 /* StorageItem.swift */ = {isa = PBXFileReference; lastKnownFileType = sourcecode.swift; path = StorageItem.swift; sourceTree = "<group>"; };
		3DFB5B282A9099F900974903 /* StorageItemRowView.swift */ = {isa = PBXFileReference; lastKnownFileType = sourcecode.swift; path = StorageItemRowView.swift; sourceTree = "<group>"; };
		3DFB5B2E2A90C6E100974903 /* ProcessViewModel.swift */ = {isa = PBXFileReference; lastKnownFileType = sourcecode.swift; path = ProcessViewModel.swift; sourceTree = "<group>"; };
		58F4472A69DBB819C3A5E106 /* libPods-Junction2023-FinlandSauna.a */ = {isa = PBXFileReference; explicitFileType = archive.ar; includeInIndex = 0; path = "libPods-Junction2023-FinlandSauna.a"; sourceTree = BUILT_PRODUCTS_DIR; };
		6CE79B6B2A90A01A009A3DCC /* PersonalSettingView.swift */ = {isa = PBXFileReference; lastKnownFileType = sourcecode.swift; path = PersonalSettingView.swift; sourceTree = "<group>"; };
		6CE79B712A90FB5C009A3DCC /* ProcessingView.swift */ = {isa = PBXFileReference; lastKnownFileType = sourcecode.swift; path = ProcessingView.swift; sourceTree = "<group>"; };
		6CE79B732A90FB74009A3DCC /* ProcessView.swift */ = {isa = PBXFileReference; lastKnownFileType = sourcecode.swift; path = ProcessView.swift; sourceTree = "<group>"; };
/* End PBXFileReference section */

/* Begin PBXFrameworksBuildPhase section */
		3DFB5B052A9091E600974903 /* Frameworks */ = {
			isa = PBXFrameworksBuildPhase;
			buildActionMask = 2147483647;
			files = (
				3BE7CB96838462EBEF07182B /* libPods-Junction2023-FinlandSauna.a in Frameworks */,
			);
			runOnlyForDeploymentPostprocessing = 0;
		};
/* End PBXFrameworksBuildPhase section */

/* Begin PBXGroup section */
		3DFB5AFF2A9091E600974903 = {
			isa = PBXGroup;
			children = (
				3DFB5B0A2A9091E600974903 /* Junction2023-FinlandSauna */,
				3DFB5B092A9091E600974903 /* Products */,
				CB85E8681E99B483D32A3833 /* Frameworks */,
			);
			sourceTree = "<group>";
		};
		3DFB5B092A9091E600974903 /* Products */ = {
			isa = PBXGroup;
			children = (
				3DFB5B082A9091E600974903 /* Junction2023-FinlandSauna.app */,
			);
			name = Products;
			sourceTree = "<group>";
		};
		3DFB5B0A2A9091E600974903 /* Junction2023-FinlandSauna */ = {
			isa = PBXGroup;
			children = (
				3DFB5B0B2A9091E600974903 /* Junction2023_FinlandSaunaApp.swift */,
				3DFB5B1D2A90925100974903 /* Extension */,
				3DFB5B1A2A90921500974903 /* Model */,
				3DFB5B192A90920F00974903 /* View */,
				3DFB5B0F2A9091E800974903 /* Assets.xcassets */,
				3DFB5B112A9091E800974903 /* Preview Content */,
			);
			path = "Junction2023-FinlandSauna";
			sourceTree = "<group>";
		};
		3DFB5B112A9091E800974903 /* Preview Content */ = {
			isa = PBXGroup;
			children = (
				3DFB5B122A9091E800974903 /* Preview Assets.xcassets */,
			);
			path = "Preview Content";
			sourceTree = "<group>";
		};
		3DFB5B192A90920F00974903 /* View */ = {
			isa = PBXGroup;
			children = (
				3DFB5B202A9092E600974903 /* OrderListView.swift */,
				3DFB5B222A90937600974903 /* OrderRowView.swift */,
				3DFB5B242A90986B00974903 /* OrderDetailView.swift */,
				3DFB5B282A9099F900974903 /* StorageItemRowView.swift */,
				6CE79B6B2A90A01A009A3DCC /* PersonalSettingView.swift */,
				6CE79B712A90FB5C009A3DCC /* ProcessingView.swift */,
				6CE79B732A90FB74009A3DCC /* ProcessView.swift */,
			);
			path = View;
			sourceTree = "<group>";
		};
		3DFB5B1A2A90921500974903 /* Model */ = {
			isa = PBXGroup;
			children = (
				3DFB5B1B2A90924600974903 /* Order.swift */,
				3DFB5B262A90993000974903 /* StorageItem.swift */,
				3DFB5B2E2A90C6E100974903 /* ProcessViewModel.swift */,
				3DA03B182A90D3D0004664FE /* TranslateManager.swift */,
			);
			path = Model;
			sourceTree = "<group>";
		};
		3DFB5B1D2A90925100974903 /* Extension */ = {
			isa = PBXGroup;
			children = (
				3DFB5B1E2A90926700974903 /* Ex+Color.swift */,
			);
			path = Extension;
			sourceTree = "<group>";
		};
		CB85E8681E99B483D32A3833 /* Frameworks */ = {
			isa = PBXGroup;
			children = (
				58F4472A69DBB819C3A5E106 /* libPods-Junction2023-FinlandSauna.a */,
			);
			name = Frameworks;
			sourceTree = "<group>";
		};
/* End PBXGroup section */

/* Begin PBXNativeTarget section */
		3DFB5B072A9091E600974903 /* Junction2023-FinlandSauna */ = {
			isa = PBXNativeTarget;
			buildConfigurationList = 3DFB5B162A9091E800974903 /* Build configuration list for PBXNativeTarget "Junction2023-FinlandSauna" */;
			buildPhases = (
				99AC7D89012B00FE81EAC9CB /* [CP] Check Pods Manifest.lock */,
				3DFB5B042A9091E600974903 /* Sources */,
				3DFB5B052A9091E600974903 /* Frameworks */,
				3DFB5B062A9091E600974903 /* Resources */,
				D5DC46F24C2CE05A1DFC8097 /* [CP] Copy Pods Resources */,
			);
			buildRules = (
			);
			dependencies = (
			);
			name = "Junction2023-FinlandSauna";
			productName = "Junction2023-FinlandSauna";
			productReference = 3DFB5B082A9091E600974903 /* Junction2023-FinlandSauna.app */;
			productType = "com.apple.product-type.application";
		};
/* End PBXNativeTarget section */

/* Begin PBXProject section */
		3DFB5B002A9091E600974903 /* Project object */ = {
			isa = PBXProject;
			attributes = {
				BuildIndependentTargetsInParallel = 1;
				LastSwiftUpdateCheck = 1430;
				LastUpgradeCheck = 1430;
				TargetAttributes = {
					3DFB5B072A9091E600974903 = {
						CreatedOnToolsVersion = 14.3;
					};
				};
			};
			buildConfigurationList = 3DFB5B032A9091E600974903 /* Build configuration list for PBXProject "Junction2023-FinlandSauna" */;
			compatibilityVersion = "Xcode 14.0";
			developmentRegion = en;
			hasScannedForEncodings = 0;
			knownRegions = (
				en,
				Base,
			);
			mainGroup = 3DFB5AFF2A9091E600974903;
			productRefGroup = 3DFB5B092A9091E600974903 /* Products */;
			projectDirPath = "";
			projectRoot = "";
			targets = (
				3DFB5B072A9091E600974903 /* Junction2023-FinlandSauna */,
			);
		};
/* End PBXProject section */

/* Begin PBXResourcesBuildPhase section */
		3DFB5B062A9091E600974903 /* Resources */ = {
			isa = PBXResourcesBuildPhase;
			buildActionMask = 2147483647;
			files = (
				3DFB5B132A9091E800974903 /* Preview Assets.xcassets in Resources */,
				3DFB5B102A9091E800974903 /* Assets.xcassets in Resources */,
			);
			runOnlyForDeploymentPostprocessing = 0;
		};
/* End PBXResourcesBuildPhase section */

/* Begin PBXShellScriptBuildPhase section */
		99AC7D89012B00FE81EAC9CB /* [CP] Check Pods Manifest.lock */ = {
			isa = PBXShellScriptBuildPhase;
			buildActionMask = 2147483647;
			files = (
			);
			inputFileListPaths = (
			);
			inputPaths = (
				"${PODS_PODFILE_DIR_PATH}/Podfile.lock",
				"${PODS_ROOT}/Manifest.lock",
			);
			name = "[CP] Check Pods Manifest.lock";
			outputFileListPaths = (
			);
			outputPaths = (
				"$(DERIVED_FILE_DIR)/Pods-Junction2023-FinlandSauna-checkManifestLockResult.txt",
			);
			runOnlyForDeploymentPostprocessing = 0;
			shellPath = /bin/sh;
			shellScript = "diff \"${PODS_PODFILE_DIR_PATH}/Podfile.lock\" \"${PODS_ROOT}/Manifest.lock\" > /dev/null\nif [ $? != 0 ] ; then\n    # print error to STDERR\n    echo \"error: The sandbox is not in sync with the Podfile.lock. Run 'pod install' or update your CocoaPods installation.\" >&2\n    exit 1\nfi\n# This output is used by Xcode 'outputs' to avoid re-running this script phase.\necho \"SUCCESS\" > \"${SCRIPT_OUTPUT_FILE_0}\"\n";
			showEnvVarsInLog = 0;
		};
		D5DC46F24C2CE05A1DFC8097 /* [CP] Copy Pods Resources */ = {
			isa = PBXShellScriptBuildPhase;
			buildActionMask = 2147483647;
			files = (
			);
			inputFileListPaths = (
				"${PODS_ROOT}/Target Support Files/Pods-Junction2023-FinlandSauna/Pods-Junction2023-FinlandSauna-resources-${CONFIGURATION}-input-files.xcfilelist",
			);
			name = "[CP] Copy Pods Resources";
			outputFileListPaths = (
				"${PODS_ROOT}/Target Support Files/Pods-Junction2023-FinlandSauna/Pods-Junction2023-FinlandSauna-resources-${CONFIGURATION}-output-files.xcfilelist",
			);
			runOnlyForDeploymentPostprocessing = 0;
			shellPath = /bin/sh;
			shellScript = "\"${PODS_ROOT}/Target Support Files/Pods-Junction2023-FinlandSauna/Pods-Junction2023-FinlandSauna-resources.sh\"\n";
			showEnvVarsInLog = 0;
		};
/* End PBXShellScriptBuildPhase section */

/* Begin PBXSourcesBuildPhase section */
		3DFB5B042A9091E600974903 /* Sources */ = {
			isa = PBXSourcesBuildPhase;
			buildActionMask = 2147483647;
			files = (
				3DFB5B212A9092E600974903 /* OrderListView.swift in Sources */,
				3DA03B192A90D3D0004664FE /* TranslateManager.swift in Sources */,
				3DFB5B1F2A90926700974903 /* Ex+Color.swift in Sources */,
				3DFB5B2F2A90C6E100974903 /* ProcessViewModel.swift in Sources */,
				3DFB5B292A9099F900974903 /* StorageItemRowView.swift in Sources */,
				6CE79B6C2A90A01A009A3DCC /* PersonalSettingView.swift in Sources */,
				3DFB5B252A90986B00974903 /* OrderDetailView.swift in Sources */,
				6CE79B742A90FB74009A3DCC /* ProcessView.swift in Sources */,
				3DFB5B272A90993000974903 /* StorageItem.swift in Sources */,
				6CE79B722A90FB5C009A3DCC /* ProcessingView.swift in Sources */,
				3DFB5B1C2A90924600974903 /* Order.swift in Sources */,
				3DFB5B232A90937600974903 /* OrderRowView.swift in Sources */,
				3DFB5B0C2A9091E600974903 /* Junction2023_FinlandSaunaApp.swift in Sources */,
			);
			runOnlyForDeploymentPostprocessing = 0;
		};
/* End PBXSourcesBuildPhase section */

/* Begin XCBuildConfiguration section */
		3DFB5B142A9091E800974903 /* Debug */ = {
			isa = XCBuildConfiguration;
			buildSettings = {
				ALWAYS_SEARCH_USER_PATHS = NO;
				CLANG_ANALYZER_NONNULL = YES;
				CLANG_ANALYZER_NUMBER_OBJECT_CONVERSION = YES_AGGRESSIVE;
				CLANG_CXX_LANGUAGE_STANDARD = "gnu++20";
				CLANG_ENABLE_MODULES = YES;
				CLANG_ENABLE_OBJC_ARC = YES;
				CLANG_ENABLE_OBJC_WEAK = YES;
				CLANG_WARN_BLOCK_CAPTURE_AUTORELEASING = YES;
				CLANG_WARN_BOOL_CONVERSION = YES;
				CLANG_WARN_COMMA = YES;
				CLANG_WARN_CONSTANT_CONVERSION = YES;
				CLANG_WARN_DEPRECATED_OBJC_IMPLEMENTATIONS = YES;
				CLANG_WARN_DIRECT_OBJC_ISA_USAGE = YES_ERROR;
				CLANG_WARN_DOCUMENTATION_COMMENTS = YES;
				CLANG_WARN_EMPTY_BODY = YES;
				CLANG_WARN_ENUM_CONVERSION = YES;
				CLANG_WARN_INFINITE_RECURSION = YES;
				CLANG_WARN_INT_CONVERSION = YES;
				CLANG_WARN_NON_LITERAL_NULL_CONVERSION = YES;
				CLANG_WARN_OBJC_IMPLICIT_RETAIN_SELF = YES;
				CLANG_WARN_OBJC_LITERAL_CONVERSION = YES;
				CLANG_WARN_OBJC_ROOT_CLASS = YES_ERROR;
				CLANG_WARN_QUOTED_INCLUDE_IN_FRAMEWORK_HEADER = YES;
				CLANG_WARN_RANGE_LOOP_ANALYSIS = YES;
				CLANG_WARN_STRICT_PROTOTYPES = YES;
				CLANG_WARN_SUSPICIOUS_MOVE = YES;
				CLANG_WARN_UNGUARDED_AVAILABILITY = YES_AGGRESSIVE;
				CLANG_WARN_UNREACHABLE_CODE = YES;
				CLANG_WARN__DUPLICATE_METHOD_MATCH = YES;
				COPY_PHASE_STRIP = NO;
				DEBUG_INFORMATION_FORMAT = dwarf;
				ENABLE_STRICT_OBJC_MSGSEND = YES;
				ENABLE_TESTABILITY = YES;
				GCC_C_LANGUAGE_STANDARD = gnu11;
				GCC_DYNAMIC_NO_PIC = NO;
				GCC_NO_COMMON_BLOCKS = YES;
				GCC_OPTIMIZATION_LEVEL = 0;
				GCC_PREPROCESSOR_DEFINITIONS = (
					"DEBUG=1",
					"$(inherited)",
				);
				GCC_WARN_64_TO_32_BIT_CONVERSION = YES;
				GCC_WARN_ABOUT_RETURN_TYPE = YES_ERROR;
				GCC_WARN_UNDECLARED_SELECTOR = YES;
				GCC_WARN_UNINITIALIZED_AUTOS = YES_AGGRESSIVE;
				GCC_WARN_UNUSED_FUNCTION = YES;
				GCC_WARN_UNUSED_VARIABLE = YES;
				IPHONEOS_DEPLOYMENT_TARGET = 16.4;
				MTL_ENABLE_DEBUG_INFO = INCLUDE_SOURCE;
				MTL_FAST_MATH = YES;
				ONLY_ACTIVE_ARCH = YES;
				SDKROOT = iphoneos;
				SWIFT_ACTIVE_COMPILATION_CONDITIONS = DEBUG;
				SWIFT_OPTIMIZATION_LEVEL = "-Onone";
			};
			name = Debug;
		};
		3DFB5B152A9091E800974903 /* Release */ = {
			isa = XCBuildConfiguration;
			buildSettings = {
				ALWAYS_SEARCH_USER_PATHS = NO;
				CLANG_ANALYZER_NONNULL = YES;
				CLANG_ANALYZER_NUMBER_OBJECT_CONVERSION = YES_AGGRESSIVE;
				CLANG_CXX_LANGUAGE_STANDARD = "gnu++20";
				CLANG_ENABLE_MODULES = YES;
				CLANG_ENABLE_OBJC_ARC = YES;
				CLANG_ENABLE_OBJC_WEAK = YES;
				CLANG_WARN_BLOCK_CAPTURE_AUTORELEASING = YES;
				CLANG_WARN_BOOL_CONVERSION = YES;
				CLANG_WARN_COMMA = YES;
				CLANG_WARN_CONSTANT_CONVERSION = YES;
				CLANG_WARN_DEPRECATED_OBJC_IMPLEMENTATIONS = YES;
				CLANG_WARN_DIRECT_OBJC_ISA_USAGE = YES_ERROR;
				CLANG_WARN_DOCUMENTATION_COMMENTS = YES;
				CLANG_WARN_EMPTY_BODY = YES;
				CLANG_WARN_ENUM_CONVERSION = YES;
				CLANG_WARN_INFINITE_RECURSION = YES;
				CLANG_WARN_INT_CONVERSION = YES;
				CLANG_WARN_NON_LITERAL_NULL_CONVERSION = YES;
				CLANG_WARN_OBJC_IMPLICIT_RETAIN_SELF = YES;
				CLANG_WARN_OBJC_LITERAL_CONVERSION = YES;
				CLANG_WARN_OBJC_ROOT_CLASS = YES_ERROR;
				CLANG_WARN_QUOTED_INCLUDE_IN_FRAMEWORK_HEADER = YES;
				CLANG_WARN_RANGE_LOOP_ANALYSIS = YES;
				CLANG_WARN_STRICT_PROTOTYPES = YES;
				CLANG_WARN_SUSPICIOUS_MOVE = YES;
				CLANG_WARN_UNGUARDED_AVAILABILITY = YES_AGGRESSIVE;
				CLANG_WARN_UNREACHABLE_CODE = YES;
				CLANG_WARN__DUPLICATE_METHOD_MATCH = YES;
				COPY_PHASE_STRIP = NO;
				DEBUG_INFORMATION_FORMAT = "dwarf-with-dsym";
				ENABLE_NS_ASSERTIONS = NO;
				ENABLE_STRICT_OBJC_MSGSEND = YES;
				GCC_C_LANGUAGE_STANDARD = gnu11;
				GCC_NO_COMMON_BLOCKS = YES;
				GCC_WARN_64_TO_32_BIT_CONVERSION = YES;
				GCC_WARN_ABOUT_RETURN_TYPE = YES_ERROR;
				GCC_WARN_UNDECLARED_SELECTOR = YES;
				GCC_WARN_UNINITIALIZED_AUTOS = YES_AGGRESSIVE;
				GCC_WARN_UNUSED_FUNCTION = YES;
				GCC_WARN_UNUSED_VARIABLE = YES;
				IPHONEOS_DEPLOYMENT_TARGET = 16.4;
				MTL_ENABLE_DEBUG_INFO = NO;
				MTL_FAST_MATH = YES;
				SDKROOT = iphoneos;
				SWIFT_COMPILATION_MODE = wholemodule;
				SWIFT_OPTIMIZATION_LEVEL = "-O";
				VALIDATE_PRODUCT = YES;
			};
			name = Release;
		};
		3DFB5B172A9091E800974903 /* Debug */ = {
			isa = XCBuildConfiguration;
			buildSettings = {
				ASSETCATALOG_COMPILER_APPICON_NAME = AppIcon;
				ASSETCATALOG_COMPILER_GLOBAL_ACCENT_COLOR_NAME = AccentColor;
				CODE_SIGN_STYLE = Automatic;
				CURRENT_PROJECT_VERSION = 1;
				DEVELOPMENT_ASSET_PATHS = "\"Junction2023-FinlandSauna/Preview Content\"";
				DEVELOPMENT_TEAM = G7X65ZSJ3J;
				ENABLE_PREVIEWS = YES;
				GENERATE_INFOPLIST_FILE = YES;
				INFOPLIST_KEY_UIApplicationSceneManifest_Generation = YES;
				INFOPLIST_KEY_UIApplicationSupportsIndirectInputEvents = YES;
				INFOPLIST_KEY_UILaunchScreen_Generation = YES;
				INFOPLIST_KEY_UISupportedInterfaceOrientations_iPad = "UIInterfaceOrientationPortrait UIInterfaceOrientationPortraitUpsideDown UIInterfaceOrientationLandscapeLeft UIInterfaceOrientationLandscapeRight";
				INFOPLIST_KEY_UISupportedInterfaceOrientations_iPhone = "UIInterfaceOrientationPortrait UIInterfaceOrientationLandscapeLeft UIInterfaceOrientationLandscapeRight";
				LD_RUNPATH_SEARCH_PATHS = (
					"$(inherited)",
					"@executable_path/Frameworks",
				);
				MARKETING_VERSION = 1.0;
				PRODUCT_BUNDLE_IDENTIFIER = "seunggyun.Junction2023-FinlandSauna";
				PRODUCT_NAME = "$(TARGET_NAME)";
				SWIFT_EMIT_LOC_STRINGS = YES;
				SWIFT_VERSION = 5.0;
				TARGETED_DEVICE_FAMILY = "1,2";
			};
			name = Debug;
		};
		3DFB5B182A9091E800974903 /* Release */ = {
			isa = XCBuildConfiguration;
			buildSettings = {
				ASSETCATALOG_COMPILER_APPICON_NAME = AppIcon;
				ASSETCATALOG_COMPILER_GLOBAL_ACCENT_COLOR_NAME = AccentColor;
				CODE_SIGN_STYLE = Automatic;
				CURRENT_PROJECT_VERSION = 1;
				DEVELOPMENT_ASSET_PATHS = "\"Junction2023-FinlandSauna/Preview Content\"";
				DEVELOPMENT_TEAM = G7X65ZSJ3J;
				ENABLE_PREVIEWS = YES;
				GENERATE_INFOPLIST_FILE = YES;
				INFOPLIST_KEY_UIApplicationSceneManifest_Generation = YES;
				INFOPLIST_KEY_UIApplicationSupportsIndirectInputEvents = YES;
				INFOPLIST_KEY_UILaunchScreen_Generation = YES;
				INFOPLIST_KEY_UISupportedInterfaceOrientations_iPad = "UIInterfaceOrientationPortrait UIInterfaceOrientationPortraitUpsideDown UIInterfaceOrientationLandscapeLeft UIInterfaceOrientationLandscapeRight";
				INFOPLIST_KEY_UISupportedInterfaceOrientations_iPhone = "UIInterfaceOrientationPortrait UIInterfaceOrientationLandscapeLeft UIInterfaceOrientationLandscapeRight";
				LD_RUNPATH_SEARCH_PATHS = (
					"$(inherited)",
					"@executable_path/Frameworks",
				);
				MARKETING_VERSION = 1.0;
				PRODUCT_BUNDLE_IDENTIFIER = "seunggyun.Junction2023-FinlandSauna";
				PRODUCT_NAME = "$(TARGET_NAME)";
				SWIFT_EMIT_LOC_STRINGS = YES;
				SWIFT_VERSION = 5.0;
				TARGETED_DEVICE_FAMILY = "1,2";
			};
			name = Release;
		};
/* End XCBuildConfiguration section */

/* Begin XCConfigurationList section */
		3DFB5B032A9091E600974903 /* Build configuration list for PBXProject "Junction2023-FinlandSauna" */ = {
			isa = XCConfigurationList;
			buildConfigurations = (
				3DFB5B142A9091E800974903 /* Debug */,
				3DFB5B152A9091E800974903 /* Release */,
			);
			defaultConfigurationIsVisible = 0;
			defaultConfigurationName = Release;
		};
		3DFB5B162A9091E800974903 /* Build configuration list for PBXNativeTarget "Junction2023-FinlandSauna" */ = {
			isa = XCConfigurationList;
			buildConfigurations = (
				3DFB5B172A9091E800974903 /* Debug */,
				3DFB5B182A9091E800974903 /* Release */,
			);
			defaultConfigurationIsVisible = 0;
			defaultConfigurationName = Release;
		};
/* End XCConfigurationList section */
	};
	rootObject = 3DFB5B002A9091E600974903 /* Project object */;
}
